
Microsoft Visual Studio Solution File, Format Version 12.00
# Visual Studio Version 17
VisualStudioVersion = 17.5.33627.172
MinimumVisualStudioVersion = 10.0.40219.1
Project("{9A19103F-16F7-4668-BE54-9A1E7A4F7556}") = "WebAPI", "WebAPI\WebAPI.csproj", "{93ECC1BB-9D1C-42DC-B668-49467AD1C54B}"
EndProject
Project("{9A19103F-16F7-4668-BE54-9A1E7A4F7556}") = "WebClient", "WebClient\WebClient.csproj", "{F1E255B8-FDE3-454F-8475-3339CA13D214}"
EndProject
Global
	GlobalSection(SolutionConfigurationPlatforms) = preSolution
		Debug|Any CPU = Debug|Any CPU
		Release|Any CPU = Release|Any CPU
	EndGlobalSection
	GlobalSection(ProjectConfigurationPlatforms) = postSolution
		{93ECC1BB-9D1C-42DC-B668-49467AD1C54B}.Debug|Any CPU.ActiveCfg = Debug|Any CPU
		{93ECC1BB-9D1C-42DC-B668-49467AD1C54B}.Debug|Any CPU.Build.0 = Debug|Any CPU
		{93ECC1BB-9D1C-42DC-B668-49467AD1C54B}.Release|Any CPU.ActiveCfg = Release|Any CPU
		{93ECC1BB-9D1C-42DC-B668-49467AD1C54B}.Release|Any CPU.Build.0 = Release|Any CPU
		{F1E255B8-FDE3-454F-8475-3339CA13D214}.Debug|Any CPU.ActiveCfg = Debug|Any CPU
		{F1E255B8-FDE3-454F-8475-3339CA13D214}.Debug|Any CPU.Build.0 = Debug|Any CPU
		{F1E255B8-FDE3-454F-8475-3339CA13D214}.Release|Any CPU.ActiveCfg = Release|Any CPU
		{F1E255B8-FDE3-454F-8475-3339CA13D214}.Release|Any CPU.Build.0 = Release|Any CPU
	EndGlobalSection
	GlobalSection(SolutionProperties) = preSolution
		HideSolutionNode = FALSE
	EndGlobalSection
	GlobalSection(ExtensibilityGlobals) = postSolution
		SolutionGuid = {A26E3EE5-46F7-4526-80C4-95B7C7047A7C}
	EndGlobalSection
EndGlobal
